{
  "name": "nummyrice.github.io",
  "lockfileVersion": 2,
  "requires": true,
  "packages": {
    "": {
      "dependencies": {
        "n": "^10.1.0",
        "stable": "^0.1.8"
      }
    },
    "node_modules/n": {
      "version": "10.1.0",
      "resolved": "https://registry.npmjs.org/n/-/n-10.1.0.tgz",
      "integrity": "sha512-P6uzqlGmqh1eDiMjob/5QR3INWuYdaEJP+yb5tThxxQYdS2fxaRGzavNfR+1gVf8K4yIWeVdzi48hGKJLUHg2Q==",
      "os": [
        "!win32"
      ],
      "bin": {
        "n": "bin/n"
      },
      "engines": {
        "node": "*"
      }
    },
    "node_modules/stable": {
      "version": "0.1.8",
      "resolved": "https://registry.npmjs.org/stable/-/stable-0.1.8.tgz",
      "integrity": "sha512-ji9qxRnOVfcuLDySj9qzhGSEFVobyt1kIOSkj1qZzYLzq7Tos/oUUWvotUPQLlrsidqsK6tBH89Bc9kL5zHA6w==",
      "deprecated": "Modern JS already guarantees Array#sort() is a stable sort, so this library is deprecated. See the compatibility table on MDN: https://developer.mozilla.org/en-US/docs/Web/JavaScript/Reference/Global_Objects/Array/sort#browser_compatibility"
    }
  },
  "dependencies": {
    "n": {
      "version": "10.1.0",
      "resolved": "https://registry.npmjs.org/n/-/n-10.1.0.tgz",
      "integrity": "sha512-P6uzqlGmqh1eDiMjob/5QR3INWuYdaEJP+yb5tThxxQYdS2fxaRGzavNfR+1gVf8K4yIWeVdzi48hGKJLUHg2Q=="
    },
    "stable": {
      "version": "0.1.8",
      "resolved": "https://registry.npmjs.org/stable/-/stable-0.1.8.tgz",
      "integrity": "sha512-ji9qxRnOVfcuLDySj9qzhGSEFVobyt1kIOSkj1qZzYLzq7Tos/oUUWvotUPQLlrsidqsK6tBH89Bc9kL5zHA6w=="
    }
  }
}
